
Microsoft Visual Studio Solution File, Format Version 12.00
# Visual Studio 15
VisualStudioVersion = 15.0.27703.2026
MinimumVisualStudioVersion = 10.0.40219.1
Project("{FAE04EC0-301F-11D3-BF4B-00C04F79EFBC}") = "StudentList", "StudentList\StudentList.csproj", "{BF245B81-47FA-4718-AAD5-1C0655D751A9}"
EndProject
Project("{2150E333-8FDC-42A3-9474-1A3956D46DE8}") = "Solution Items", "Solution Items", "{4A46E123-B01C-4697-A322-0A05404B54A2}"
	ProjectSection(SolutionItems) = preProject
		ca.ruleset = ca.ruleset
		stylecop.json = stylecop.json
	EndProjectSection
EndProject
Global
	GlobalSection(SolutionConfigurationPlatforms) = preSolution
		Debug|Any CPU = Debug|Any CPU
		Release|Any CPU = Release|Any CPU
	EndGlobalSection
	GlobalSection(ProjectConfigurationPlatforms) = postSolution
		{BF245B81-47FA-4718-AAD5-1C0655D751A9}.Debug|Any CPU.ActiveCfg = Debug|Any CPU
		{BF245B81-47FA-4718-AAD5-1C0655D751A9}.Debug|Any CPU.Build.0 = Debug|Any CPU
		{BF245B81-47FA-4718-AAD5-1C0655D751A9}.Debug|Any CPU.Deploy.0 = Debug|Any CPU
		{BF245B81-47FA-4718-AAD5-1C0655D751A9}.Release|Any CPU.ActiveCfg = Release|Any CPU
		{BF245B81-47FA-4718-AAD5-1C0655D751A9}.Release|Any CPU.Build.0 = Release|Any CPU
		{BF245B81-47FA-4718-AAD5-1C0655D751A9}.Release|Any CPU.Deploy.0 = Release|Any CPU
	EndGlobalSection
	GlobalSection(SolutionProperties) = preSolution
		HideSolutionNode = FALSE
	EndGlobalSection
	GlobalSection(ExtensibilityGlobals) = postSolution
		SolutionGuid = {AA401270-2E97-4F2B-B822-FE91ED595381}
	EndGlobalSection
EndGlobal
